// !$*UTF8*$!
{
	archiveVersion = 1;
	classes = {
	};
	objectVersion = 46;
	objects = {

/* Begin PBXBuildFile section */
		32EB22231F1D67C70038BF49 /* AppDelegate.swift in Sources */ = {isa = PBXBuildFile; fileRef = 32EB22221F1D67C70038BF49 /* AppDelegate.swift */; };
		32EB22251F1D67C70038BF49 /* ViewController.swift in Sources */ = {isa = PBXBuildFile; fileRef = 32EB22241F1D67C70038BF49 /* ViewController.swift */; };
		32EB22281F1D67C70038BF49 /* Main.storyboard in Resources */ = {isa = PBXBuildFile; fileRef = 32EB22261F1D67C70038BF49 /* Main.storyboard */; };
		32EB222B1F1D67C70038BF49 /* beaconSignal.xcdatamodeld in Sources */ = {isa = PBXBuildFile; fileRef = 32EB22291F1D67C70038BF49 /* beaconSignal.xcdatamodeld */; };
		32EB222D1F1D67C70038BF49 /* Assets.xcassets in Resources */ = {isa = PBXBuildFile; fileRef = 32EB222C1F1D67C70038BF49 /* Assets.xcassets */; };
		32EB22301F1D67C70038BF49 /* LaunchScreen.storyboard in Resources */ = {isa = PBXBuildFile; fileRef = 32EB222E1F1D67C70038BF49 /* LaunchScreen.storyboard */; };
/* End PBXBuildFile section */

/* Begin PBXFileReference section */
		32EB221F1F1D67C70038BF49 /* beaconSignal.app */ = {isa = PBXFileReference; explicitFileType = wrapper.application; includeInIndex = 0; path = beaconSignal.app; sourceTree = BUILT_PRODUCTS_DIR; };
		32EB22221F1D67C70038BF49 /* AppDelegate.swift */ = {isa = PBXFileReference; lastKnownFileType = sourcecode.swift; path = AppDelegate.swift; sourceTree = "<group>"; };
		32EB22241F1D67C70038BF49 /* ViewController.swift */ = {isa = PBXFileReference; lastKnownFileType = sourcecode.swift; path = ViewController.swift; sourceTree = "<group>"; };
		32EB22271F1D67C70038BF49 /* Base */ = {isa = PBXFileReference; lastKnownFileType = file.storyboard; name = Base; path = Base.lproj/Main.storyboard; sourceTree = "<group>"; };
		32EB222A1F1D67C70038BF49 /* beaconSignal.xcdatamodel */ = {isa = PBXFileReference; lastKnownFileType = wrapper.xcdatamodel; path = beaconSignal.xcdatamodel; sourceTree = "<group>"; };
		32EB222C1F1D67C70038BF49 /* Assets.xcassets */ = {isa = PBXFileReference; lastKnownFileType = folder.assetcatalog; path = Assets.xcassets; sourceTree = "<group>"; };
		32EB222F1F1D67C70038BF49 /* Base */ = {isa = PBXFileReference; lastKnownFileType = file.storyboard; name = Base; path = Base.lproj/LaunchScreen.storyboard; sourceTree = "<group>"; };
		32EB22311F1D67C70038BF49 /* Info.plist */ = {isa = PBXFileReference; lastKnownFileType = text.plist.xml; path = Info.plist; sourceTree = "<group>"; };
/* End PBXFileReference section */

/* Begin PBXFrameworksBuildPhase section */
		32EB221C1F1D67C70038BF49 /* Frameworks */ = {
			isa = PBXFrameworksBuildPhase;
			buildActionMask = 2147483647;
			files = (
			);
			runOnlyForDeploymentPostprocessing = 0;
		};
/* End PBXFrameworksBuildPhase section */

/* Begin PBXGroup section */
		32EB22161F1D67C70038BF49 = {
			isa = PBXGroup;
			children = (
				32EB22211F1D67C70038BF49 /* beaconSignal */,
				32EB22201F1D67C70038BF49 /* Products */,
			);
			sourceTree = "<group>";
		};
		32EB22201F1D67C70038BF49 /* Products */ = {
			isa = PBXGroup;
			children = (
				32EB221F1F1D67C70038BF49 /* beaconSignal.app */,
			);
			name = Products;
			sourceTree = "<group>";
		};
		32EB22211F1D67C70038BF49 /* beaconSignal */ = {
			isa = PBXGroup;
			children = (
				32EB22221F1D67C70038BF49 /* AppDelegate.swift */,
				32EB22241F1D67C70038BF49 /* ViewController.swift */,
				32EB22261F1D67C70038BF49 /* Main.storyboard */,
				32EB222C1F1D67C70038BF49 /* Assets.xcassets */,
				32EB222E1F1D67C70038BF49 /* LaunchScreen.storyboard */,
				32EB22311F1D67C70038BF49 /* Info.plist */,
				32EB22291F1D67C70038BF49 /* beaconSignal.xcdatamodeld */,
			);
			path = beaconSignal;
			sourceTree = "<group>";
		};
/* End PBXGroup section */

/* Begin PBXNativeTarget section */
		32EB221E1F1D67C70038BF49 /* beaconSignal */ = {
			isa = PBXNativeTarget;
			buildConfigurationList = 32EB22341F1D67C70038BF49 /* Build configuration list for PBXNativeTarget "beaconSignal" */;
			buildPhases = (
				32EB221B1F1D67C70038BF49 /* Sources */,
				32EB221C1F1D67C70038BF49 /* Frameworks */,
				32EB221D1F1D67C70038BF49 /* Resources */,
			);
			buildRules = (
			);
			dependencies = (
			);
			name = beaconSignal;
			productName = beaconSignal;
			productReference = 32EB221F1F1D67C70038BF49 /* beaconSignal.app */;
			productType = "com.apple.product-type.application";
		};
/* End PBXNativeTarget section */

/* Begin PBXProject section */
		32EB22171F1D67C70038BF49 /* Project object */ = {
			isa = PBXProject;
			attributes = {
				LastSwiftUpdateCheck = 0830;
				LastUpgradeCheck = 0830;
				ORGANIZATIONNAME = "Cameron Wilcox";
				TargetAttributes = {
					32EB221E1F1D67C70038BF49 = {
						CreatedOnToolsVersion = 8.3.3;
						DevelopmentTeam = 77BY68R34P;
						ProvisioningStyle = Automatic;
					};
				};
			};
			buildConfigurationList = 32EB221A1F1D67C70038BF49 /* Build configuration list for PBXProject "beaconSignal" */;
			compatibilityVersion = "Xcode 3.2";
			developmentRegion = English;
			hasScannedForEncodings = 0;
			knownRegions = (
				en,
				Base,
			);
			mainGroup = 32EB22161F1D67C70038BF49;
			productRefGroup = 32EB22201F1D67C70038BF49 /* Products */;
			projectDirPath = "";
			projectRoot = "";
			targets = (
				32EB221E1F1D67C70038BF49 /* beaconSignal */,
			);
		};
/* End PBXProject section */

/* Begin PBXResourcesBuildPhase section */
		32EB221D1F1D67C70038BF49 /* Resources */ = {
			isa = PBXResourcesBuildPhase;
			buildActionMask = 2147483647;
			files = (
				32EB22301F1D67C70038BF49 /* LaunchScreen.storyboard in Resources */,
				32EB222D1F1D67C70038BF49 /* Assets.xcassets in Resources */,
				32EB22281F1D67C70038BF49 /* Main.storyboard in Resources */,
			);
			runOnlyForDeploymentPostprocessing = 0;
		};
/* End PBXResourcesBuildPhase section */

/* Begin PBXSourcesBuildPhase section */
		32EB221B1F1D67C70038BF49 /* Sources */ = {
			isa = PBXSourcesBuildPhase;
			buildActionMask = 2147483647;
			files = (
				32EB222B1F1D67C70038BF49 /* beaconSignal.xcdatamodeld in Sources */,
				32EB22251F1D67C70038BF49 /* ViewController.swift in Sources */,
				32EB22231F1D67C70038BF49 /* AppDelegate.swift in Sources */,
			);
			runOnlyForDeploymentPostprocessing = 0;
		};
/* End PBXSourcesBuildPhase section */

/* Begin PBXVariantGroup section */
		32EB22261F1D67C70038BF49 /* Main.storyboard */ = {
			isa = PBXVariantGroup;
			children = (
				32EB22271F1D67C70038BF49 /* Base */,
			);
			name = Main.storyboard;
			sourceTree = "<group>";
		};
		32EB222E1F1D67C70038BF49 /* LaunchScreen.storyboard */ = {
			isa = PBXVariantGroup;
			children = (
				32EB222F1F1D67C70038BF49 /* Base */,
			);
			name = LaunchScreen.storyboard;
			sourceTree = "<group>";
		};
/* End PBXVariantGroup section */

/* Begin XCBuildConfiguration section */
		32EB22321F1D67C70038BF49 /* Debug */ = {
			isa = XCBuildConfiguration;
			buildSettings = {
				ALWAYS_SEARCH_USER_PATHS = NO;
				CLANG_ANALYZER_NONNULL = YES;
				CLANG_ANALYZER_NUMBER_OBJECT_CONVERSION = YES_AGGRESSIVE;
				CLANG_CXX_LANGUAGE_STANDARD = "gnu++0x";
				CLANG_CXX_LIBRARY = "libc++";
				CLANG_ENABLE_MODULES = YES;
				CLANG_ENABLE_OBJC_ARC = YES;
				CLANG_WARN_BOOL_CONVERSION = YES;
				CLANG_WARN_CONSTANT_CONVERSION = YES;
				CLANG_WARN_DIRECT_OBJC_ISA_USAGE = YES_ERROR;
				CLANG_WARN_DOCUMENTATION_COMMENTS = YES;
				CLANG_WARN_EMPTY_BODY = YES;
				CLANG_WARN_ENUM_CONVERSION = YES;
				CLANG_WARN_INFINITE_RECURSION = YES;
				CLANG_WARN_INT_CONVERSION = YES;
				CLANG_WARN_OBJC_ROOT_CLASS = YES_ERROR;
				CLANG_WARN_SUSPICIOUS_MOVE = YES;
				CLANG_WARN_UNREACHABLE_CODE = YES;
				CLANG_WARN__DUPLICATE_METHOD_MATCH = YES;
				"CODE_SIGN_IDENTITY[sdk=iphoneos*]" = "iPhone Developer";
				COPY_PHASE_STRIP = NO;
				DEBUG_INFORMATION_FORMAT = dwarf;
				ENABLE_STRICT_OBJC_MSGSEND = YES;
				ENABLE_TESTABILITY = YES;
				GCC_C_LANGUAGE_STANDARD = gnu99;
				GCC_DYNAMIC_NO_PIC = NO;
				GCC_NO_COMMON_BLOCKS = YES;
				GCC_OPTIMIZATION_LEVEL = 0;
				GCC_PREPROCESSOR_DEFINITIONS = (
					"DEBUG=1",
					"$(inherited)",
				);
				GCC_WARN_64_TO_32_BIT_CONVERSION = YES;
				GCC_WARN_ABOUT_RETURN_TYPE = YES_ERROR;
				GCC_WARN_UNDECLARED_SELECTOR = YES;
				GCC_WARN_UNINITIALIZED_AUTOS = YES_AGGRESSIVE;
				GCC_WARN_UNUSED_FUNCTION = YES;
				GCC_WARN_UNUSED_VARIABLE = YES;
				IPHONEOS_DEPLOYMENT_TARGET = 10.3;
				MTL_ENABLE_DEBUG_INFO = YES;
				ONLY_ACTIVE_ARCH = YES;
				SDKROOT = iphoneos;
				SWIFT_ACTIVE_COMPILATION_CONDITIONS = DEBUG;
				SWIFT_OPTIMIZATION_LEVEL = "-Onone";
				TARGETED_DEVICE_FAMILY = "1,2";
			};
			name = Debug;
		};
		32EB22331F1D67C70038BF49 /* Release */ = {
			isa = XCBuildConfiguration;
			buildSettings = {
				ALWAYS_SEARCH_USER_PATHS = NO;
				CLANG_ANALYZER_NONNULL = YES;
				CLANG_ANALYZER_NUMBER_OBJECT_CONVERSION = YES_AGGRESSIVE;
				CLANG_CXX_LANGUAGE_STANDARD = "gnu++0x";
				CLANG_CXX_LIBRARY = "libc++";
				CLANG_ENABLE_MODULES = YES;
				CLANG_ENABLE_OBJC_ARC = YES;
				CLANG_WARN_BOOL_CONVERSION = YES;
				CLANG_WARN_CONSTANT_CONVERSION = YES;
				CLANG_WARN_DIRECT_OBJC_ISA_USAGE = YES_ERROR;
				CLANG_WARN_DOCUMENTATION_COMMENTS = YES;
				CLANG_WARN_EMPTY_BODY = YES;
				CLANG_WARN_ENUM_CONVERSION = YES;
				CLANG_WARN_INFINITE_RECURSION = YES;
				CLANG_WARN_INT_CONVERSION = YES;
				CLANG_WARN_OBJC_ROOT_CLASS = YES_ERROR;
				CLANG_WARN_SUSPICIOUS_MOVE = YES;
				CLANG_WARN_UNREACHABLE_CODE = YES;
				CLANG_WARN__DUPLICATE_METHOD_MATCH = YES;
				"CODE_SIGN_IDENTITY[sdk=iphoneos*]" = "iPhone Developer";
				COPY_PHASE_STRIP = NO;
				DEBUG_INFORMATION_FORMAT = "dwarf-with-dsym";
				ENABLE_NS_ASSERTIONS = NO;
				ENABLE_STRICT_OBJC_MSGSEND = YES;
				GCC_C_LANGUAGE_STANDARD = gnu99;
				GCC_NO_COMMON_BLOCKS = YES;
				GCC_WARN_64_TO_32_BIT_CONVERSION = YES;
				GCC_WARN_ABOUT_RETURN_TYPE = YES_ERROR;
				GCC_WARN_UNDECLARED_SELECTOR = YES;
				GCC_WARN_UNINITIALIZED_AUTOS = YES_AGGRESSIVE;
				GCC_WARN_UNUSED_FUNCTION = YES;
				GCC_WARN_UNUSED_VARIABLE = YES;
				IPHONEOS_DEPLOYMENT_TARGET = 10.3;
				MTL_ENABLE_DEBUG_INFO = NO;
				SDKROOT = iphoneos;
				SWIFT_OPTIMIZATION_LEVEL = "-Owholemodule";
				TARGETED_DEVICE_FAMILY = "1,2";
				VALIDATE_PRODUCT = YES;
			};
			name = Release;
		};
		32EB22351F1D67C70038BF49 /* Debug */ = {
			isa = XCBuildConfiguration;
			buildSettings = {
				ASSETCATALOG_COMPILER_APPICON_NAME = AppIcon;
				DEVELOPMENT_TEAM = 77BY68R34P;
				INFOPLIST_FILE = beaconSignal/Info.plist;
				LD_RUNPATH_SEARCH_PATHS = "$(inherited) @executable_path/Frameworks";
				PRODUCT_BUNDLE_IDENTIFIER = cam.beaconSignal;
				PRODUCT_NAME = "$(TARGET_NAME)";
				SWIFT_VERSION = 3.0;
			};
			name = Debug;
		};
		32EB22361F1D67C70038BF49 /* Release */ = {
			isa = XCBuildConfiguration;
			buildSettings = {
				ASSETCATALOG_COMPILER_APPICON_NAME = AppIcon;
				DEVELOPMENT_TEAM = 77BY68R34P;
				INFOPLIST_FILE = beaconSignal/Info.plist;
				LD_RUNPATH_SEARCH_PATHS = "$(inherited) @executable_path/Frameworks";
				PRODUCT_BUNDLE_IDENTIFIER = cam.beaconSignal;
				PRODUCT_NAME = "$(TARGET_NAME)";
				SWIFT_VERSION = 3.0;
			};
			name = Release;
		};
/* End XCBuildConfiguration section */

/* Begin XCConfigurationList section */
		32EB221A1F1D67C70038BF49 /* Build configuration list for PBXProject "beaconSignal" */ = {
			isa = XCConfigurationList;
			buildConfigurations = (
				32EB22321F1D67C70038BF49 /* Debug */,
				32EB22331F1D67C70038BF49 /* Release */,
			);
			defaultConfigurationIsVisible = 0;
			defaultConfigurationName = Release;
		};
		32EB22341F1D67C70038BF49 /* Build configuration list for PBXNativeTarget "beaconSignal" */ = {
			isa = XCConfigurationList;
			buildConfigurations = (
				32EB22351F1D67C70038BF49 /* Debug */,
				32EB22361F1D67C70038BF49 /* Release */,
			);
			defaultConfigurationIsVisible = 0;
		};
/* End XCConfigurationList section */

/* Begin XCVersionGroup section */
		32EB22291F1D67C70038BF49 /* beaconSignal.xcdatamodeld */ = {
			isa = XCVersionGroup;
			children = (
				32EB222A1F1D67C70038BF49 /* beaconSignal.xcdatamodel */,
			);
			currentVersion = 32EB222A1F1D67C70038BF49 /* beaconSignal.xcdatamodel */;
			path = beaconSignal.xcdatamodeld;
			sourceTree = "<group>";
			versionGroupType = wrapper.xcdatamodel;
		};
/* End XCVersionGroup section */
	};
	rootObject = 32EB22171F1D67C70038BF49 /* Project object */;
}
